// !$*UTF8*$!
{
	archiveVersion = 1;
	classes = {
	};
	objectVersion = 46;
	objects = {

/* Begin PBXBuildFile section */
		84FC8D5E1C964D340025A0CB /* AppDelegate.swift in Sources */ = {isa = PBXBuildFile; fileRef = 84FC8D5D1C964D340025A0CB /* AppDelegate.swift */; };
		84FC8D601C964D340025A0CB /* ViewController.swift in Sources */ = {isa = PBXBuildFile; fileRef = 84FC8D5F1C964D340025A0CB /* ViewController.swift */; };
		84FC8D631C964D340025A0CB /* Main.storyboard in Resources */ = {isa = PBXBuildFile; fileRef = 84FC8D611C964D340025A0CB /* Main.storyboard */; };
		84FC8D651C964D340025A0CB /* Assets.xcassets in Resources */ = {isa = PBXBuildFile; fileRef = 84FC8D641C964D340025A0CB /* Assets.xcassets */; };
		84FC8D681C964D340025A0CB /* LaunchScreen.storyboard in Resources */ = {isa = PBXBuildFile; fileRef = 84FC8D661C964D340025A0CB /* LaunchScreen.storyboard */; };
/* End PBXBuildFile section */

/* Begin PBXFileReference section */
		84FC8D5A1C964D340025A0CB /* Exercise1.app */ = {isa = PBXFileReference; explicitFileType = wrapper.application; includeInIndex = 0; path = Exercise1.app; sourceTree = BUILT_PRODUCTS_DIR; };
		84FC8D5D1C964D340025A0CB /* AppDelegate.swift */ = {isa = PBXFileReference; lastKnownFileType = sourcecode.swift; path = AppDelegate.swift; sourceTree = "<group>"; };
		84FC8D5F1C964D340025A0CB /* ViewController.swift */ = {isa = PBXFileReference; lastKnownFileType = sourcecode.swift; path = ViewController.swift; sourceTree = "<group>"; };
		84FC8D621C964D340025A0CB /* Base */ = {isa = PBXFileReference; lastKnownFileType = file.storyboard; name = Base; path = Base.lproj/Main.storyboard; sourceTree = "<group>"; };
		84FC8D641C964D340025A0CB /* Assets.xcassets */ = {isa = PBXFileReference; lastKnownFileType = folder.assetcatalog; path = Assets.xcassets; sourceTree = "<group>"; };
		84FC8D671C964D340025A0CB /* Base */ = {isa = PBXFileReference; lastKnownFileType = file.storyboard; name = Base; path = Base.lproj/LaunchScreen.storyboard; sourceTree = "<group>"; };
		84FC8D691C964D340025A0CB /* Info.plist */ = {isa = PBXFileReference; lastKnownFileType = text.plist.xml; path = Info.plist; sourceTree = "<group>"; };
/* End PBXFileReference section */

/* Begin PBXFrameworksBuildPhase section */
		84FC8D571C964D340025A0CB /* Frameworks */ = {
			isa = PBXFrameworksBuildPhase;
			buildActionMask = 2147483647;
			files = (
			);
			runOnlyForDeploymentPostprocessing = 0;
		};
/* End PBXFrameworksBuildPhase section */

/* Begin PBXGroup section */
		84FC8D511C964D340025A0CB = {
			isa = PBXGroup;
			children = (
				84FC8D5C1C964D340025A0CB /* Exercise1 */,
				84FC8D5B1C964D340025A0CB /* Products */,
			);
			sourceTree = "<group>";
		};
		84FC8D5B1C964D340025A0CB /* Products */ = {
			isa = PBXGroup;
			children = (
				84FC8D5A1C964D340025A0CB /* Exercise1.app */,
			);
			name = Products;
			sourceTree = "<group>";
		};
		84FC8D5C1C964D340025A0CB /* Exercise1 */ = {
			isa = PBXGroup;
			children = (
				84FC8D5D1C964D340025A0CB /* AppDelegate.swift */,
				84FC8D5F1C964D340025A0CB /* ViewController.swift */,
				84FC8D611C964D340025A0CB /* Main.storyboard */,
				84FC8D641C964D340025A0CB /* Assets.xcassets */,
				84FC8D661C964D340025A0CB /* LaunchScreen.storyboard */,
				84FC8D691C964D340025A0CB /* Info.plist */,
			);
			path = Exercise1;
			sourceTree = "<group>";
		};
/* End PBXGroup section */

/* Begin PBXNativeTarget section */
		84FC8D591C964D340025A0CB /* Exercise1 */ = {
			isa = PBXNativeTarget;
			buildConfigurationList = 84FC8D6C1C964D340025A0CB /* Build configuration list for PBXNativeTarget "Exercise1" */;
			buildPhases = (
				84FC8D561C964D340025A0CB /* Sources */,
				84FC8D571C964D340025A0CB /* Frameworks */,
				84FC8D581C964D340025A0CB /* Resources */,
			);
			buildRules = (
			);
			dependencies = (
			);
			name = Exercise1;
			productName = Exercise1;
			productReference = 84FC8D5A1C964D340025A0CB /* Exercise1.app */;
			productType = "com.apple.product-type.application";
		};
/* End PBXNativeTarget section */

/* Begin PBXProject section */
		84FC8D521C964D340025A0CB /* Project object */ = {
			isa = PBXProject;
			attributes = {
				LastSwiftUpdateCheck = 0720;
				LastUpgradeCheck = 0720;
				ORGANIZATIONNAME = "Tomboy Apps";
				TargetAttributes = {
					84FC8D591C964D340025A0CB = {
						CreatedOnToolsVersion = 7.2.1;
					};
				};
			};
			buildConfigurationList = 84FC8D551C964D340025A0CB /* Build configuration list for PBXProject "Exercise1" */;
			compatibilityVersion = "Xcode 3.2";
			developmentRegion = English;
			hasScannedForEncodings = 0;
			knownRegions = (
				en,
				Base,
			);
			mainGroup = 84FC8D511C964D340025A0CB;
			productRefGroup = 84FC8D5B1C964D340025A0CB /* Products */;
			projectDirPath = "";
			projectRoot = "";
			targets = (
				84FC8D591C964D340025A0CB /* Exercise1 */,
			);
		};
/* End PBXProject section */

/* Begin PBXResourcesBuildPhase section */
		84FC8D581C964D340025A0CB /* Resources */ = {
			isa = PBXResourcesBuildPhase;
			buildActionMask = 2147483647;
			files = (
				84FC8D681C964D340025A0CB /* LaunchScreen.storyboard in Resources */,
				84FC8D651C964D340025A0CB /* Assets.xcassets in Resources */,
				84FC8D631C964D340025A0CB /* Main.storyboard in Resources */,
			);
			runOnlyForDeploymentPostprocessing = 0;
		};
/* End PBXResourcesBuildPhase section */

/* Begin PBXSourcesBuildPhase section */
		84FC8D561C964D340025A0CB /* Sources */ = {
			isa = PBXSourcesBuildPhase;
			buildActionMask = 2147483647;
			files = (
				84FC8D601C964D340025A0CB /* ViewController.swift in Sources */,
				84FC8D5E1C964D340025A0CB /* AppDelegate.swift in Sources */,
			);
			runOnlyForDeploymentPostprocessing = 0;
		};
/* End PBXSourcesBuildPhase section */

/* Begin PBXVariantGroup section */
		84FC8D611C964D340025A0CB /* Main.storyboard */ = {
			isa = PBXVariantGroup;
			children = (
				84FC8D621C964D340025A0CB /* Base */,
			);
			name = Main.storyboard;
			sourceTree = "<group>";
		};
		84FC8D661C964D340025A0CB /* LaunchScreen.storyboard */ = {
			isa = PBXVariantGroup;
			children = (
				84FC8D671C964D340025A0CB /* Base */,
			);
			name = LaunchScreen.storyboard;
			sourceTree = "<group>";
		};
/* End PBXVariantGroup section */

/* Begin XCBuildConfiguration section */
		84FC8D6A1C964D340025A0CB /* Debug */ = {
			isa = XCBuildConfiguration;
			buildSettings = {
				ALWAYS_SEARCH_USER_PATHS = NO;
				CLANG_CXX_LANGUAGE_STANDARD = "gnu++0x";
				CLANG_CXX_LIBRARY = "libc++";
				CLANG_ENABLE_MODULES = YES;
				CLANG_ENABLE_OBJC_ARC = YES;
				CLANG_WARN_BOOL_CONVERSION = YES;
				CLANG_WARN_CONSTANT_CONVERSION = YES;
				CLANG_WARN_DIRECT_OBJC_ISA_USAGE = YES_ERROR;
				CLANG_WARN_EMPTY_BODY = YES;
				CLANG_WARN_ENUM_CONVERSION = YES;
				CLANG_WARN_INT_CONVERSION = YES;
				CLANG_WARN_OBJC_ROOT_CLASS = YES_ERROR;
				CLANG_WARN_UNREACHABLE_CODE = YES;
				CLANG_WARN__DUPLICATE_METHOD_MATCH = YES;
				"CODE_SIGN_IDENTITY[sdk=iphoneos*]" = "iPhone Developer";
				COPY_PHASE_STRIP = NO;
				DEBUG_INFORMATION_FORMAT = dwarf;
				ENABLE_STRICT_OBJC_MSGSEND = YES;
				ENABLE_TESTABILITY = YES;
				GCC_C_LANGUAGE_STANDARD = gnu99;
				GCC_DYNAMIC_NO_PIC = NO;
				GCC_NO_COMMON_BLOCKS = YES;
				GCC_OPTIMIZATION_LEVEL = 0;
				GCC_PREPROCESSOR_DEFINITIONS = (
					"DEBUG=1",
					"$(inherited)",
				);
				GCC_WARN_64_TO_32_BIT_CONVERSION = YES;
				GCC_WARN_ABOUT_RETURN_TYPE = YES_ERROR;
				GCC_WARN_UNDECLARED_SELECTOR = YES;
				GCC_WARN_UNINITIALIZED_AUTOS = YES_AGGRESSIVE;
				GCC_WARN_UNUSED_FUNCTION = YES;
				GCC_WARN_UNUSED_VARIABLE = YES;
				IPHONEOS_DEPLOYMENT_TARGET = 9.2;
				MTL_ENABLE_DEBUG_INFO = YES;
				ONLY_ACTIVE_ARCH = YES;
				SDKROOT = iphoneos;
				SWIFT_OPTIMIZATION_LEVEL = "-Onone";
			};
			name = Debug;
		};
		84FC8D6B1C964D340025A0CB /* Release */ = {
			isa = XCBuildConfiguration;
			buildSettings = {
				ALWAYS_SEARCH_USER_PATHS = NO;
				CLANG_CXX_LANGUAGE_STANDARD = "gnu++0x";
				CLANG_CXX_LIBRARY = "libc++";
				CLANG_ENABLE_MODULES = YES;
				CLANG_ENABLE_OBJC_ARC = YES;
				CLANG_WARN_BOOL_CONVERSION = YES;
				CLANG_WARN_CONSTANT_CONVERSION = YES;
				CLANG_WARN_DIRECT_OBJC_ISA_USAGE = YES_ERROR;
				CLANG_WARN_EMPTY_BODY = YES;
				CLANG_WARN_ENUM_CONVERSION = YES;
				CLANG_WARN_INT_CONVERSION = YES;
				CLANG_WARN_OBJC_ROOT_CLASS = YES_ERROR;
				CLANG_WARN_UNREACHABLE_CODE = YES;
				CLANG_WARN__DUPLICATE_METHOD_MATCH = YES;
				"CODE_SIGN_IDENTITY[sdk=iphoneos*]" = "iPhone Developer";
				COPY_PHASE_STRIP = NO;
				DEBUG_INFORMATION_FORMAT = "dwarf-with-dsym";
				ENABLE_NS_ASSERTIONS = NO;
				ENABLE_STRICT_OBJC_MSGSEND = YES;
				GCC_C_LANGUAGE_STANDARD = gnu99;
				GCC_NO_COMMON_BLOCKS = YES;
				GCC_WARN_64_TO_32_BIT_CONVERSION = YES;
				GCC_WARN_ABOUT_RETURN_TYPE = YES_ERROR;
				GCC_WARN_UNDECLARED_SELECTOR = YES;
				GCC_WARN_UNINITIALIZED_AUTOS = YES_AGGRESSIVE;
				GCC_WARN_UNUSED_FUNCTION = YES;
				GCC_WARN_UNUSED_VARIABLE = YES;
				IPHONEOS_DEPLOYMENT_TARGET = 9.2;
				MTL_ENABLE_DEBUG_INFO = NO;
				SDKROOT = iphoneos;
				VALIDATE_PRODUCT = YES;
			};
			name = Release;
		};
		84FC8D6D1C964D340025A0CB /* Debug */ = {
			isa = XCBuildConfiguration;
			buildSettings = {
				ASSETCATALOG_COMPILER_APPICON_NAME = AppIcon;
				INFOPLIST_FILE = Exercise1/Info.plist;
				LD_RUNPATH_SEARCH_PATHS = "$(inherited) @executable_path/Frameworks";
				PRODUCT_BUNDLE_IDENTIFIER = com.tommyboyapps.Exercise1;
				PRODUCT_NAME = "$(TARGET_NAME)";
			};
			name = Debug;
		};
		84FC8D6E1C964D340025A0CB /* Release */ = {
			isa = XCBuildConfiguration;
			buildSettings = {
				ASSETCATALOG_COMPILER_APPICON_NAME = AppIcon;
				INFOPLIST_FILE = Exercise1/Info.plist;
				LD_RUNPATH_SEARCH_PATHS = "$(inherited) @executable_path/Frameworks";
				PRODUCT_BUNDLE_IDENTIFIER = com.tommyboyapps.Exercise1;
				PRODUCT_NAME = "$(TARGET_NAME)";
			};
			name = Release;
		};
/* End XCBuildConfiguration section */

/* Begin XCConfigurationList section */
		84FC8D551C964D340025A0CB /* Build configuration list for PBXProject "Exercise1" */ = {
			isa = XCConfigurationList;
			buildConfigurations = (
				84FC8D6A1C964D340025A0CB /* Debug */,
				84FC8D6B1C964D340025A0CB /* Release */,
			);
			defaultConfigurationIsVisible = 0;
			defaultConfigurationName = Release;
		};
		84FC8D6C1C964D340025A0CB /* Build configuration list for PBXNativeTarget "Exercise1" */ = {
			isa = XCConfigurationList;
			buildConfigurations = (
				84FC8D6D1C964D340025A0CB /* Debug */,
				84FC8D6E1C964D340025A0CB /* Release */,
			);
			defaultConfigurationIsVisible = 0;
		};
/* End XCConfigurationList section */
	};
	rootObject = 84FC8D521C964D340025A0CB /* Project object */;
}
